
Microsoft Visual Studio Solution File, Format Version 11.00
# Visual Studio 2010
Project("{FAE04EC0-301F-11D3-BF4B-00C04F79EFBC}") = "level Designing", "Assembly-CSharp.csproj", "{F36F6C1C-0291-C38E-4FB0-F867000F5021}"
EndProject
Project("{FAE04EC0-301F-11D3-BF4B-00C04F79EFBC}") = "level Designing", "Assembly-CSharp-firstpass.csproj", "{A1323C46-7360-1FB2-F91F-C517D1FDC68F}"
EndProject
Project("{FAE04EC0-301F-11D3-BF4B-00C04F79EFBC}") = "level Designing", "Assembly-CSharp-Editor-firstpass.csproj", "{D3A945AB-5B3E-3A48-1AE8-154398000338}"
EndProject
Project("{FAE04EC0-301F-11D3-BF4B-00C04F79EFBC}") = "level Designing", "Assembly-CSharp-Editor.csproj", "{923F3424-A72B-FC89-EA52-8D50BB83990A}"
EndProject
Global
	GlobalSection(SolutionConfigurationPlatforms) = preSolution
		Debug|Any CPU = Debug|Any CPU
		Release|Any CPU = Release|Any CPU
	EndGlobalSection
	GlobalSection(ProjectConfigurationPlatforms) = postSolution
		{F36F6C1C-0291-C38E-4FB0-F867000F5021}.Debug|Any CPU.ActiveCfg = Debug|Any CPU
		{F36F6C1C-0291-C38E-4FB0-F867000F5021}.Debug|Any CPU.Build.0 = Debug|Any CPU
		{F36F6C1C-0291-C38E-4FB0-F867000F5021}.Release|Any CPU.ActiveCfg = Release|Any CPU
		{F36F6C1C-0291-C38E-4FB0-F867000F5021}.Release|Any CPU.Build.0 = Release|Any CPU
		{A1323C46-7360-1FB2-F91F-C517D1FDC68F}.Debug|Any CPU.ActiveCfg = Debug|Any CPU
		{A1323C46-7360-1FB2-F91F-C517D1FDC68F}.Debug|Any CPU.Build.0 = Debug|Any CPU
		{A1323C46-7360-1FB2-F91F-C517D1FDC68F}.Release|Any CPU.ActiveCfg = Release|Any CPU
		{A1323C46-7360-1FB2-F91F-C517D1FDC68F}.Release|Any CPU.Build.0 = Release|Any CPU
		{D3A945AB-5B3E-3A48-1AE8-154398000338}.Debug|Any CPU.ActiveCfg = Debug|Any CPU
		{D3A945AB-5B3E-3A48-1AE8-154398000338}.Debug|Any CPU.Build.0 = Debug|Any CPU
		{D3A945AB-5B3E-3A48-1AE8-154398000338}.Release|Any CPU.ActiveCfg = Release|Any CPU
		{D3A945AB-5B3E-3A48-1AE8-154398000338}.Release|Any CPU.Build.0 = Release|Any CPU
		{923F3424-A72B-FC89-EA52-8D50BB83990A}.Debug|Any CPU.ActiveCfg = Debug|Any CPU
		{923F3424-A72B-FC89-EA52-8D50BB83990A}.Debug|Any CPU.Build.0 = Debug|Any CPU
		{923F3424-A72B-FC89-EA52-8D50BB83990A}.Release|Any CPU.ActiveCfg = Release|Any CPU
		{923F3424-A72B-FC89-EA52-8D50BB83990A}.Release|Any CPU.Build.0 = Release|Any CPU
	EndGlobalSection
	GlobalSection(SolutionProperties) = preSolution
		HideSolutionNode = FALSE
	EndGlobalSection
	GlobalSection(MonoDevelopProperties) = preSolution
		StartupItem = Assembly-CSharp.csproj
	EndGlobalSection
EndGlobal
